PODS:
  - SDWebImage (5.5.1):
    - SDWebImage/Core (= 5.5.1)
  - SDWebImage/Core (5.5.1)
  - UPCarouselFlowLayout (1.1.2)

DEPENDENCIES:
  - SDWebImage (~> 5.0)
  - UPCarouselFlowLayout

SPEC REPOS:
  trunk:
    - SDWebImage
    - UPCarouselFlowLayout

SPEC CHECKSUMS:
  SDWebImage: 1245d058b7b8f59adef7a6da6bbafd4f1ab67041
  UPCarouselFlowLayout: 4c7d2c43a10ebb1597bde502a53699d378341dad

PODFILE CHECKSUM: b4037ef56fe9ebbb87ded5620b31d4dc19c726e4

COCOAPODS: 1.8.4
